version = 1
revision = 3
requires-python = "==3.14.*"

[[package]]
name = "charset-normalizer"
version = "3.4.4"
source = { registry = "https://pypi.org/simple" }
sdist = { url = "https://files.pythonhosted.org/packages/13/69/33ddede1939fdd074bce5434295f38fae7136463422fe4fd3e0e89b98062/charset_normalizer-3.4.4.tar.gz", hash = "sha256:94537985111c35f28720e43603b8e7b43a6ecfb2ce1d3058bbe955b73404e21a", size = 129418, upload-time = "2025-10-14T04:42:32.879Z" }
wheels = [
    { url = "https://files.pythonhosted.org/packages/2a/35/7051599bd493e62411d6ede36fd5af83a38f37c4767b92884df7301db25d/charset_normalizer-3.4.4-cp314-cp314-macosx_10_13_universal2.whl", hash = "sha256:da3326d9e65ef63a817ecbcc0df6e94463713b754fe293eaa03da99befb9a5bd", size = 207746, upload-time = "2025-10-14T04:41:33.773Z" },
    { url = "https://files.pythonhosted.org/packages/10/9a/97c8d48ef10d6cd4fcead2415523221624bf58bcf68a802721a6bc807c8f/charset_normalizer-3.4.4-cp314-cp314-manylinux2014_aarch64.manylinux_2_17_aarch64.manylinux_2_28_aarch64.whl", hash = "sha256:8af65f14dc14a79b924524b1e7fffe304517b2bff5a58bf64f30b98bbc5079eb", size = 147889, upload-time = "2025-10-14T04:41:34.897Z" },
    { url = "https://files.pythonhosted.org/packages/10/bf/979224a919a1b606c82bd2c5fa49b5c6d5727aa47b4312bb27b1734f53cd/charset_normalizer-3.4.4-cp314-cp314-manylinux2014_armv7l.manylinux_2_17_armv7l.manylinux_2_31_armv7l.whl", hash = "sha256:74664978bb272435107de04e36db5a9735e78232b85b77d45cfb38f758efd33e", size = 143641, upload-time = "2025-10-14T04:41:36.116Z" },
    { url = "https://files.pythonhosted.org/packages/ba/33/0ad65587441fc730dc7bd90e9716b30b4702dc7b617e6ba4997dc8651495/charset_normalizer-3.4.4-cp314-cp314-manylinux2014_ppc64le.manylinux_2_17_ppc64le.manylinux_2_28_ppc64le.whl", hash = "sha256:752944c7ffbfdd10c074dc58ec2d5a8a4cd9493b314d367c14d24c17684ddd14", size = 160779, upload-time = "2025-10-14T04:41:37.229Z" },
    { url = "https://files.pythonhosted.org/packages/67/ed/331d6b249259ee71ddea93f6f2f0a56cfebd46938bde6fcc6f7b9a3d0e09/charset_normalizer-3.4.4-cp314-cp314-manylinux2014_s390x.manylinux_2_17_s390x.manylinux_2_28_s390x.whl", hash = "sha256:d1f13550535ad8cff21b8d757a3257963e951d96e20ec82ab44bc64aeb62a191", size = 159035, upload-time = "2025-10-14T04:41:38.368Z" },
    { url = "https://files.pythonhosted.org/packages/67/ff/f6b948ca32e4f2a4576aa129d8bed61f2e0543bf9f5f2b7fc3758ed005c9/charset_normalizer-3.4.4-cp314-cp314-manylinux2014_x86_64.manylinux_2_17_x86_64.manylinux_2_28_x86_64.whl", hash = "sha256:ecaae4149d99b1c9e7b88bb03e3221956f68fd6d50be2ef061b2381b61d20838", size = 152542, upload-time = "2025-10-14T04:41:39.862Z" },
    { url = "https://files.pythonhosted.org/packages/16/85/276033dcbcc369eb176594de22728541a925b2632f9716428c851b149e83/charset_normalizer-3.4.4-cp314-cp314-manylinux_2_31_riscv64.manylinux_2_39_riscv64.whl", hash = "sha256:cb6254dc36b47a990e59e1068afacdcd02958bdcce30bb50cc1700a8b9d624a6", size = 149524, upload-time = "2025-10-14T04:41:41.319Z" },
    { url = "https://files.pythonhosted.org/packages/9e/f2/6a2a1f722b6aba37050e626530a46a68f74e63683947a8acff92569f979a/charset_normalizer-3.4.4-cp314-cp314-musllinux_1_2_aarch64.whl", hash = "sha256:c8ae8a0f02f57a6e61203a31428fa1d677cbe50c93622b4149d5c0f319c1d19e", size = 150395, upload-time = "2025-10-14T04:41:42.539Z" },
    { url = "https://files.pythonhosted.org/packages/60/bb/2186cb2f2bbaea6338cad15ce23a67f9b0672929744381e28b0592676824/charset_normalizer-3.4.4-cp314-cp314-musllinux_1_2_armv7l.whl", hash = "sha256:47cc91b2f4dd2833fddaedd2893006b0106129d4b94fdb6af1f4ce5a9965577c", size = 143680, upload-time = "2025-10-14T04:41:43.661Z" },
    { url = "https://files.pythonhosted.org/packages/7d/a5/bf6f13b772fbb2a90360eb620d52ed8f796f3c5caee8398c3b2eb7b1c60d/charset_normalizer-3.4.4-cp314-cp314-musllinux_1_2_ppc64le.whl", hash = "sha256:82004af6c302b5d3ab2cfc4cc5f29db16123b1a8417f2e25f9066f91d4411090", size = 162045, upload-time = "2025-10-14T04:41:44.821Z" },
    { url = "https://files.pythonhosted.org/packages/df/c5/d1be898bf0dc3ef9030c3825e5d3b83f2c528d207d246cbabe245966808d/charset_normalizer-3.4.4-cp314-cp314-musllinux_1_2_riscv64.whl", hash = "sha256:2b7d8f6c26245217bd2ad053761201e9f9680f8ce52f0fcd8d0755aeae5b2152", size = 149687, upload-time = "2025-10-14T04:41:46.442Z" },
    { url = "https://files.pythonhosted.org/packages/a5/42/90c1f7b9341eef50c8a1cb3f098ac43b0508413f33affd762855f67a410e/charset_normalizer-3.4.4-cp314-cp314-musllinux_1_2_s390x.whl", hash = "sha256:799a7a5e4fb2d5898c60b640fd4981d6a25f1c11790935a44ce38c54e985f828", size = 160014, upload-time = "2025-10-14T04:41:47.631Z" },
    { url = "https://files.pythonhosted.org/packages/76/be/4d3ee471e8145d12795ab655ece37baed0929462a86e72372fd25859047c/charset_normalizer-3.4.4-cp314-cp314-musllinux_1_2_x86_64.whl", hash = "sha256:99ae2cffebb06e6c22bdc25801d7b30f503cc87dbd283479e7b606f70aff57ec", size = 154044, upload-time = "2025-10-14T04:41:48.81Z" },
    { url = "https://files.pythonhosted.org/packages/b0/6f/8f7af07237c34a1defe7defc565a9bc1807762f672c0fde711a4b22bf9c0/charset_normalizer-3.4.4-cp314-cp314-win32.whl", hash = "sha256:f9d332f8c2a2fcbffe1378594431458ddbef721c1769d78e2cbc06280d8155f9", size = 99940, upload-time = "2025-10-14T04:41:49.946Z" },
    { url = "https://files.pythonhosted.org/packages/4b/51/8ade005e5ca5b0d80fb4aff72a3775b325bdc3d27408c8113811a7cbe640/charset_normalizer-3.4.4-cp314-cp314-win_amd64.whl", hash = "sha256:8a6562c3700cce886c5be75ade4a5db4214fda19fede41d9792d100288d8f94c", size = 107104, upload-time = "2025-10-14T04:41:51.051Z" },
    { url = "https://files.pythonhosted.org/packages/da/5f/6b8f83a55bb8278772c5ae54a577f3099025f9ade59d0136ac24a0df4bde/charset_normalizer-3.4.4-cp314-cp314-win_arm64.whl", hash = "sha256:de00632ca48df9daf77a2c65a484531649261ec9f25489917f09e455cb09ddb2", size = 100743, upload-time = "2025-10-14T04:41:52.122Z" },
    { url = "https://files.pythonhosted.org/packages/0a/4c/925909008ed5a988ccbb72dcc897407e5d6d3bd72410d69e051fc0c14647/charset_normalizer-3.4.4-py3-none-any.whl", hash = "sha256:7a32c560861a02ff789ad905a2fe94e3f840803362c84fecf1851cb4cf3dc37f", size = 53402, upload-time = "2025-10-14T04:42:31.76Z" },
]

[[package]]
name = "gsewidgets"
version = "0.0.2"
source = { registry = "https://pypi.org/simple" }
dependencies = [
    { name = "pyqt6" },
    { name = "qtpy" },
]
sdist = { url = "https://files.pythonhosted.org/packages/a4/3e/455aefd15b4a0fb1b350eef986c914ede8fc2f4aab88fdda0bca5144399b/gsewidgets-0.0.2.tar.gz", hash = "sha256:7bc61664a52ab0a6cb7b5539da1d9ead8ae995e3049d065a5a91802a715aae66", size = 50344, upload-time = "2025-04-21T18:58:35.867Z" }
wheels = [
    { url = "https://files.pythonhosted.org/packages/cb/24/a6fb00eec1b43c48d61e06dbeb9770e1f6f69bb70d4ce17d57640937f78c/gsewidgets-0.0.2-py3-none-any.whl", hash = "sha256:1a670afaf334b9af1876dee58bd0c2087b7af6046fc31172efc40b3dacac5e90", size = 50701, upload-time = "2025-04-21T18:58:34.566Z" },
]

[[package]]
name = "numpy"
version = "2.3.4"
source = { registry = "https://pypi.org/simple" }
sdist = { url = "https://files.pythonhosted.org/packages/b5/f4/098d2270d52b41f1bd7db9fc288aaa0400cb48c2a3e2af6fa365d9720947/numpy-2.3.4.tar.gz", hash = "sha256:a7d018bfedb375a8d979ac758b120ba846a7fe764911a64465fd87b8729f4a6a", size = 20582187, upload-time = "2025-10-15T16:18:11.77Z" }
wheels = [
    { url = "https://files.pythonhosted.org/packages/72/71/ae6170143c115732470ae3a2d01512870dd16e0953f8a6dc89525696069b/numpy-2.3.4-cp314-cp314-macosx_10_15_x86_64.whl", hash = "sha256:81c3e6d8c97295a7360d367f9f8553973651b76907988bb6066376bc2252f24e", size = 20955580, upload-time = "2025-10-15T16:17:02.509Z" },
    { url = "https://files.pythonhosted.org/packages/af/39/4be9222ffd6ca8a30eda033d5f753276a9c3426c397bb137d8e19dedd200/numpy-2.3.4-cp314-cp314-macosx_11_0_arm64.whl", hash = "sha256:7c26b0b2bf58009ed1f38a641f3db4be8d960a417ca96d14e5b06df1506d41ff", size = 14188056, upload-time = "2025-10-15T16:17:04.873Z" },
    { url = "https://files.pythonhosted.org/packages/6c/3d/d85f6700d0a4aa4f9491030e1021c2b2b7421b2b38d01acd16734a2bfdc7/numpy-2.3.4-cp314-cp314-macosx_14_0_arm64.whl", hash = "sha256:62b2198c438058a20b6704351b35a1d7db881812d8512d67a69c9de1f18ca05f", size = 5116555, upload-time = "2025-10-15T16:17:07.499Z" },
    { url = "https://files.pythonhosted.org/packages/bf/04/82c1467d86f47eee8a19a464c92f90a9bb68ccf14a54c5224d7031241ffb/numpy-2.3.4-cp314-cp314-macosx_14_0_x86_64.whl", hash = "sha256:9d729d60f8d53a7361707f4b68a9663c968882dd4f09e0d58c044c8bf5faee7b", size = 6643581, upload-time = "2025-10-15T16:17:09.774Z" },
    { url = "https://files.pythonhosted.org/packages/0c/d3/c79841741b837e293f48bd7db89d0ac7a4f2503b382b78a790ef1dc778a5/numpy-2.3.4-cp314-cp314-manylinux_2_27_aarch64.manylinux_2_28_aarch64.whl", hash = "sha256:bd0c630cf256b0a7fd9d0a11c9413b42fef5101219ce6ed5a09624f5a65392c7", size = 14299186, upload-time = "2025-10-15T16:17:11.937Z" },
    { url = "https://files.pythonhosted.org/packages/e8/7e/4a14a769741fbf237eec5a12a2cbc7a4c4e061852b6533bcb9e9a796c908/numpy-2.3.4-cp314-cp314-manylinux_2_27_x86_64.manylinux_2_28_x86_64.whl", hash = "sha256:d5e081bc082825f8b139f9e9fe42942cb4054524598aaeb177ff476cc76d09d2", size = 16638601, upload-time = "2025-10-15T16:17:14.391Z" },
    { url = "https://files.pythonhosted.org/packages/93/87/1c1de269f002ff0a41173fe01dcc925f4ecff59264cd8f96cf3b60d12c9b/numpy-2.3.4-cp314-cp314-musllinux_1_2_aarch64.whl", hash = "sha256:15fb27364ed84114438fff8aaf998c9e19adbeba08c0b75409f8c452a8692c52", size = 16074219, upload-time = "2025-10-15T16:17:17.058Z" },
    { url = "https://files.pythonhosted.org/packages/cd/28/18f72ee77408e40a76d691001ae599e712ca2a47ddd2c4f695b16c65f077/numpy-2.3.4-cp314-cp314-musllinux_1_2_x86_64.whl", hash = "sha256:85d9fb2d8cd998c84d13a79a09cc0c1091648e848e4e6249b0ccd7f6b487fa26", size = 18576702, upload-time = "2025-10-15T16:17:19.379Z" },
    { url = "https://files.pythonhosted.org/packages/c3/76/95650169b465ececa8cf4b2e8f6df255d4bf662775e797ade2025cc51ae6/numpy-2.3.4-cp314-cp314-win32.whl", hash = "sha256:e73d63fd04e3a9d6bc187f5455d81abfad05660b212c8804bf3b407e984cd2bc", size = 6337136, upload-time = "2025-10-15T16:17:22.886Z" },
    { url = "https://files.pythonhosted.org/packages/dc/89/a231a5c43ede5d6f77ba4a91e915a87dea4aeea76560ba4d2bf185c683f0/numpy-2.3.4-cp314-cp314-win_amd64.whl", hash = "sha256:3da3491cee49cf16157e70f607c03a217ea6647b1cea4819c4f48e53d49139b9", size = 12920542, upload-time = "2025-10-15T16:17:24.783Z" },
    { url = "https://files.pythonhosted.org/packages/0d/0c/ae9434a888f717c5ed2ff2393b3f344f0ff6f1c793519fa0c540461dc530/numpy-2.3.4-cp314-cp314-win_arm64.whl", hash = "sha256:6d9cd732068e8288dbe2717177320723ccec4fb064123f0caf9bbd90ab5be868", size = 10480213, upload-time = "2025-10-15T16:17:26.935Z" },
    { url = "https://files.pythonhosted.org/packages/83/4b/c4a5f0841f92536f6b9592694a5b5f68c9ab37b775ff342649eadf9055d3/numpy-2.3.4-cp314-cp314t-macosx_10_15_x86_64.whl", hash = "sha256:22758999b256b595cf0b1d102b133bb61866ba5ceecf15f759623b64c020c9ec", size = 21052280, upload-time = "2025-10-15T16:17:29.638Z" },
    { url = "https://files.pythonhosted.org/packages/3e/80/90308845fc93b984d2cc96d83e2324ce8ad1fd6efea81b324cba4b673854/numpy-2.3.4-cp314-cp314t-macosx_11_0_arm64.whl", hash = "sha256:9cb177bc55b010b19798dc5497d540dea67fd13a8d9e882b2dae71de0cf09eb3", size = 14302930, upload-time = "2025-10-15T16:17:32.384Z" },
    { url = "https://files.pythonhosted.org/packages/3d/4e/07439f22f2a3b247cec4d63a713faae55e1141a36e77fb212881f7cda3fb/numpy-2.3.4-cp314-cp314t-macosx_14_0_arm64.whl", hash = "sha256:0f2bcc76f1e05e5ab58893407c63d90b2029908fa41f9f1cc51eecce936c3365", size = 5231504, upload-time = "2025-10-15T16:17:34.515Z" },
    { url = "https://files.pythonhosted.org/packages/ab/de/1e11f2547e2fe3d00482b19721855348b94ada8359aef5d40dd57bfae9df/numpy-2.3.4-cp314-cp314t-macosx_14_0_x86_64.whl", hash = "sha256:8dc20bde86802df2ed8397a08d793da0ad7a5fd4ea3ac85d757bf5dd4ad7c252", size = 6739405, upload-time = "2025-10-15T16:17:36.128Z" },
    { url = "https://files.pythonhosted.org/packages/3b/40/8cd57393a26cebe2e923005db5134a946c62fa56a1087dc7c478f3e30837/numpy-2.3.4-cp314-cp314t-manylinux_2_27_aarch64.manylinux_2_28_aarch64.whl", hash = "sha256:5e199c087e2aa71c8f9ce1cb7a8e10677dc12457e7cc1be4798632da37c3e86e", size = 14354866, upload-time = "2025-10-15T16:17:38.884Z" },
    { url = "https://files.pythonhosted.org/packages/93/39/5b3510f023f96874ee6fea2e40dfa99313a00bf3ab779f3c92978f34aace/numpy-2.3.4-cp314-cp314t-manylinux_2_27_x86_64.manylinux_2_28_x86_64.whl", hash = "sha256:85597b2d25ddf655495e2363fe044b0ae999b75bc4d630dc0d886484b03a5eb0", size = 16703296, upload-time = "2025-10-15T16:17:41.564Z" },
    { url = "https://files.pythonhosted.org/packages/41/0d/19bb163617c8045209c1996c4e427bccbc4bbff1e2c711f39203c8ddbb4a/numpy-2.3.4-cp314-cp314t-musllinux_1_2_aarch64.whl", hash = "sha256:04a69abe45b49c5955923cf2c407843d1c85013b424ae8a560bba16c92fe44a0", size = 16136046, upload-time = "2025-10-15T16:17:43.901Z" },
    { url = "https://files.pythonhosted.org/packages/e2/c1/6dba12fdf68b02a21ac411c9df19afa66bed2540f467150ca64d246b463d/numpy-2.3.4-cp314-cp314t-musllinux_1_2_x86_64.whl", hash = "sha256:e1708fac43ef8b419c975926ce1eaf793b0c13b7356cfab6ab0dc34c0a02ac0f", size = 18652691, upload-time = "2025-10-15T16:17:46.247Z" },
    { url = "https://files.pythonhosted.org/packages/f8/73/f85056701dbbbb910c51d846c58d29fd46b30eecd2b6ba760fc8b8a1641b/numpy-2.3.4-cp314-cp314t-win32.whl", hash = "sha256:863e3b5f4d9915aaf1b8ec79ae560ad21f0b8d5e3adc31e73126491bb86dee1d", size = 6485782, upload-time = "2025-10-15T16:17:48.872Z" },
    { url = "https://files.pythonhosted.org/packages/17/90/28fa6f9865181cb817c2471ee65678afa8a7e2a1fb16141473d5fa6bacc3/numpy-2.3.4-cp314-cp314t-win_amd64.whl", hash = "sha256:962064de37b9aef801d33bc579690f8bfe6c5e70e29b61783f60bcba838a14d6", size = 13113301, upload-time = "2025-10-15T16:17:50.938Z" },
    { url = "https://files.pythonhosted.org/packages/54/23/08c002201a8e7e1f9afba93b97deceb813252d9cfd0d3351caed123dcf97/numpy-2.3.4-cp314-cp314t-win_arm64.whl", hash = "sha256:8b5a9a39c45d852b62693d9b3f3e0fe052541f804296ff401a72a1b60edafb29", size = 10547532, upload-time = "2025-10-15T16:17:53.48Z" },
]

[[package]]
name = "packaging"
version = "25.0"
source = { registry = "https://pypi.org/simple" }
sdist = { url = "https://files.pythonhosted.org/packages/a1/d4/1fc4078c65507b51b96ca8f8c3ba19e6a61c8253c72794544580a7b6c24d/packaging-25.0.tar.gz", hash = "sha256:d443872c98d677bf60f6a1f2f8c1cb748e8fe762d2bf9d3148b5599295b0fc4f", size = 165727, upload-time = "2025-04-19T11:48:59.673Z" }
wheels = [
    { url = "https://files.pythonhosted.org/packages/20/12/38679034af332785aac8774540895e234f4d07f7545804097de4b666afd8/packaging-25.0-py3-none-any.whl", hash = "sha256:29572ef2b1f17581046b3a2227d5c611fb25ec70ca1ba8554b24b0e69331a484", size = 66469, upload-time = "2025-04-19T11:48:57.875Z" },
]

[[package]]
name = "pyepics"
version = "3.5.8"
source = { registry = "https://pypi.org/simple" }
dependencies = [
    { name = "numpy" },
    { name = "pyparsing" },
]
sdist = { url = "https://files.pythonhosted.org/packages/6e/56/6699256e0e2a4f42400906dffea5223d165762d50b305641d56f4a5825ce/pyepics-3.5.8.tar.gz", hash = "sha256:d44e6ac9404b5a827a5224cde374387b47f6f3f891c8437ddbd2f9fb913bba51", size = 6148950, upload-time = "2025-06-12T16:34:30.018Z" }
wheels = [
    { url = "https://files.pythonhosted.org/packages/07/6e/10a8bbefd158d303b88d1075e24370b61c62c48d2d6ed38fa890fd1ec860/pyepics-3.5.8-py3-none-any.whl", hash = "sha256:02f322284f558feea16f8d4efee3d102e27c4f7c25cbfdafcc28eec944110a44", size = 5332328, upload-time = "2025-06-12T16:34:28.256Z" },
]

[[package]]
name = "pyparsing"
version = "3.2.5"
source = { registry = "https://pypi.org/simple" }
sdist = { url = "https://files.pythonhosted.org/packages/f2/a5/181488fc2b9d093e3972d2a472855aae8a03f000592dbfce716a512b3359/pyparsing-3.2.5.tar.gz", hash = "sha256:2df8d5b7b2802ef88e8d016a2eb9c7aeaa923529cd251ed0fe4608275d4105b6", size = 1099274, upload-time = "2025-09-21T04:11:06.277Z" }
wheels = [
    { url = "https://files.pythonhosted.org/packages/10/5e/1aa9a93198c6b64513c9d7752de7422c06402de6600a8767da1524f9570b/pyparsing-3.2.5-py3-none-any.whl", hash = "sha256:e38a4f02064cf41fe6593d328d0512495ad1f3d8a91c4f73fc401b3079a59a5e", size = 113890, upload-time = "2025-09-21T04:11:04.117Z" },
]

[[package]]
name = "pyqt6"
version = "6.10.0"
source = { registry = "https://pypi.org/simple" }
dependencies = [
    { name = "pyqt6-qt6" },
    { name = "pyqt6-sip" },
]
sdist = { url = "https://files.pythonhosted.org/packages/f2/57/48985490c01584e00b70040ec0eb02dfe950471097201acb1b65deb633e5/pyqt6-6.10.0.tar.gz", hash = "sha256:710ecfd720d9a03b2c684881ae37f528e11d17e8f1bf96431d00a6a73f308e36", size = 1079921, upload-time = "2025-10-22T12:04:05.717Z" }
wheels = [
    { url = "https://files.pythonhosted.org/packages/f8/99/ca0386e84e39e4f2ef30322f1d39d515f2a3efbc542cccb33e65a1cf7c46/pyqt6-6.10.0-1-cp39-abi3-manylinux_2_34_x86_64.whl", hash = "sha256:54b6b022369e4e6ade8cf79c0f988558839df7b2c285f814b4567d15a0fcb756", size = 37745881, upload-time = "2025-10-24T18:33:56.106Z" },
    { url = "https://files.pythonhosted.org/packages/66/48/be73fb730c6f617f456ab73150db384b17a7a08394d7e2ded55f42de8a7b/pyqt6-6.10.0-cp39-abi3-macosx_10_14_universal2.whl", hash = "sha256:0eb82f152a83a8ae39f7d3ba580829ff7c0e8179d19d70f396853c10c8ddc5ac", size = 59987475, upload-time = "2025-10-22T12:03:47.661Z" },
    { url = "https://files.pythonhosted.org/packages/00/31/e55f7b718df92423b5af3f0fe11e770e56d7576c03adc6b6866b0e8beb46/pyqt6-6.10.0-cp39-abi3-manylinux_2_34_x86_64.whl", hash = "sha256:43e94a0ad4713055b47b4676d23432349845729912e4f3d20ac95935931c5e6f", size = 39028922, upload-time = "2025-10-22T12:03:51.916Z" },
    { url = "https://files.pythonhosted.org/packages/cf/3d/48465697f530addaeaf41f4d5b3e54108ebabd18ab6da19823de5099e807/pyqt6-6.10.0-cp39-abi3-manylinux_2_39_aarch64.whl", hash = "sha256:357da0f1465557dde249a31bc1f152320b7628a644e1d55d2db09b635394f39f", size = 40619932, upload-time = "2025-10-22T12:03:56.115Z" },
    { url = "https://files.pythonhosted.org/packages/fb/e4/0c4745cd0b31c17bd85d5da697404679f4faa6424aa7b57112277c1e8027/pyqt6-6.10.0-cp39-abi3-win_amd64.whl", hash = "sha256:8b5e4ea573733017a76bd12ea1b53351fd7f6dc57f8abf4329c4a41fea6dde04", size = 25816996, upload-time = "2025-10-22T12:04:00.085Z" },
    { url = "https://files.pythonhosted.org/packages/b0/40/0891706e69c60267b6933465fa299138bafa72324d6855c6962ca05a5f9f/pyqt6-6.10.0-cp39-abi3-win_arm64.whl", hash = "sha256:c2b5fc1a028e95b096f3a5966611cc8194e8e9e69984c41477417e18b5ce1362", size = 25663908, upload-time = "2025-10-22T12:04:03.593Z" },
]

[[package]]
name = "pyqt6-qt6"
version = "6.10.0"
source = { registry = "https://pypi.org/simple" }
wheels = [
    { url = "https://files.pythonhosted.org/packages/c3/b2/309ba75490d614530f10a5b922555374098706364ec1cc411f98068beb4d/pyqt6_qt6-6.10.0-py3-none-macosx_10_14_x86_64.whl", hash = "sha256:9b48d9eba795a78d21393b1909e7a0406512038ea4667463e4882e284bf95817", size = 68426539, upload-time = "2025-10-22T11:37:22.689Z" },
    { url = "https://files.pythonhosted.org/packages/25/20/1de54c91f6f34be6042bdb6913c71e253a6bddf002d8aa78cb1acc67f5a8/pyqt6_qt6-6.10.0-py3-none-macosx_11_0_arm64.whl", hash = "sha256:768ced73dbb2c85e6d72ea63fd7409ba934d4b24580ef073a3eb16fd88d3fe70", size = 62509741, upload-time = "2025-10-22T11:37:27.652Z" },
    { url = "https://files.pythonhosted.org/packages/c1/32/1d84ab75795b0984935e32d2a51200b94328a45954c28360a97d02f1c376/pyqt6_qt6-6.10.0-py3-none-manylinux_2_34_x86_64.whl", hash = "sha256:cd38b281bb7229b8114f13126aacd77f831a97105fdb1d900260a48ead8c9fcd", size = 83787113, upload-time = "2025-10-22T11:37:32.921Z" },
    { url = "https://files.pythonhosted.org/packages/d9/56/e8daedfb0e4a79e19500b6271958b915389360b39a3e2847961828d2e0b3/pyqt6_qt6-6.10.0-py3-none-manylinux_2_39_aarch64.whl", hash = "sha256:497df665091451ab7fde3355e262b243d2a2d97924b899a5cbb193a0cc573b7e", size = 82848172, upload-time = "2025-10-22T11:37:38.367Z" },
    { url = "https://files.pythonhosted.org/packages/0b/82/bbbee33205574f57b17c25059c6b8726a129961b55a1fe34f9216b4b0a70/pyqt6_qt6-6.10.0-py3-none-win_amd64.whl", hash = "sha256:d11bc03908cacbd2e3426289ad51dcf6d2896af6ffec595626ce9cf9b93e770d", size = 76322424, upload-time = "2025-10-22T11:37:43.865Z" },
    { url = "https://files.pythonhosted.org/packages/f2/b7/fb3172c8e85fdcdc942600dbec3d7ebd8d5224159cd4f32ced6cc43949cc/pyqt6_qt6-6.10.0-py3-none-win_arm64.whl", hash = "sha256:7f3ae89337e905dba436c226027ebd8777d4cdeef386131ad9a1b0a53ecc1a81", size = 56552467, upload-time = "2025-10-22T11:37:48.444Z" },
]

[[package]]
name = "pyqt6-sip"
version = "13.10.2"
source = { registry = "https://pypi.org/simple" }
sdist = { url = "https://files.pythonhosted.org/packages/2f/4a/96daf6c2e4f689faae9bd8cebb52754e76522c58a6af9b5ec86a2e8ec8b4/pyqt6_sip-13.10.2.tar.gz", hash = "sha256:464ad156bf526500ce6bd05cac7a82280af6309974d816739b4a9a627156fafe", size = 92548, upload-time = "2025-05-23T12:26:49.901Z" }
wheels = [
    { url = "https://files.pythonhosted.org/packages/23/57/74b4eb7a51b9133958daa8409b55de95e44feb694d4e2e3eba81a070ca20/pyqt6_sip-13.10.2-cp314-cp314-macosx_10_15_universal2.whl", hash = "sha256:8a76a06a8e5c5b1f17a3f6f3c834ca324877e07b960b18b8b9bbfd9c536ec658", size = 112354, upload-time = "2025-10-08T08:44:00.22Z" },
    { url = "https://files.pythonhosted.org/packages/f2/cb/fdef02e0d6ee8443a9683a43650d61c6474b634b6ae6e1c6f097da6310bf/pyqt6_sip-13.10.2-cp314-cp314-manylinux_2_17_aarch64.manylinux2014_aarch64.whl", hash = "sha256:9128d770a611200529468397d710bc972f1dcfe12bfcbb09a3ccddcd4d54fa5b", size = 323488, upload-time = "2025-10-08T08:44:01.965Z" },
    { url = "https://files.pythonhosted.org/packages/8c/5b/8ede8d6234c3ea884cbd097d7d47ff9910fb114efe041af62b4453acd23b/pyqt6_sip-13.10.2-cp314-cp314-manylinux_2_5_x86_64.manylinux1_x86_64.whl", hash = "sha256:d820a0fae7315932c08f27dc0a7e33e0f50fe351001601a8eb9cf6f22b04562e", size = 303881, upload-time = "2025-10-08T08:44:04.086Z" },
    { url = "https://files.pythonhosted.org/packages/be/44/b5e78b072d1594643b0f1ff348f2bf54d4adb5a3f9b9f0989c54e33238d6/pyqt6_sip-13.10.2-cp314-cp314-win_amd64.whl", hash = "sha256:3213bb6e102d3842a3bb7e59d5f6e55f176c80880ff0b39d0dac0cfe58313fb3", size = 55098, upload-time = "2025-10-08T08:44:08.943Z" },
    { url = "https://files.pythonhosted.org/packages/e2/91/357e9fcef5d830c3d50503d35e0357818aca3540f78748cc214dfa015d00/pyqt6_sip-13.10.2-cp314-cp314-win_arm64.whl", hash = "sha256:ce33ff1f94960ad4b08035e39fa0c3c9a67070bec39ffe3e435c792721504726", size = 46088, upload-time = "2025-10-08T08:44:10.014Z" },
]

[[package]]
name = "pyshortcuts"
version = "1.9.5"
source = { registry = "https://pypi.org/simple" }
dependencies = [
    { name = "charset-normalizer" },
    { name = "pywin32", marker = "sys_platform == 'win32'" },
]
sdist = { url = "https://files.pythonhosted.org/packages/55/21/8145313e9f42fa6b8970390415b93fca6b2e56655718bfd70674bd87bd77/pyshortcuts-1.9.5.tar.gz", hash = "sha256:49dbb4c3f032ad4f6c54ba4c84bf7ef32c5538422191924281597278bbb6913c", size = 1004523, upload-time = "2024-11-18T05:09:04.519Z" }
wheels = [
    { url = "https://files.pythonhosted.org/packages/be/1c/9708baee7b1213398b2f1c3d04047c5f3fbf5ee7aa438b6ad209237a435c/pyshortcuts-1.9.5-py3-none-any.whl", hash = "sha256:acf0829d21a290209d26600080deda69b3622839e44311fe8e39250f185d1158", size = 165838, upload-time = "2024-11-18T05:09:02.431Z" },
]

[[package]]
name = "pywin32"
version = "311"
source = { registry = "https://pypi.org/simple" }
wheels = [
    { url = "https://files.pythonhosted.org/packages/c9/31/097f2e132c4f16d99a22bfb777e0fd88bd8e1c634304e102f313af69ace5/pywin32-311-cp314-cp314-win32.whl", hash = "sha256:b7a2c10b93f8986666d0c803ee19b5990885872a7de910fc460f9b0c2fbf92ee", size = 8840714, upload-time = "2025-07-14T20:13:32.449Z" },
    { url = "https://files.pythonhosted.org/packages/90/4b/07c77d8ba0e01349358082713400435347df8426208171ce297da32c313d/pywin32-311-cp314-cp314-win_amd64.whl", hash = "sha256:3aca44c046bd2ed8c90de9cb8427f581c479e594e99b5c0bb19b29c10fd6cb87", size = 9656800, upload-time = "2025-07-14T20:13:34.312Z" },
    { url = "https://files.pythonhosted.org/packages/c0/d2/21af5c535501a7233e734b8af901574572da66fcc254cb35d0609c9080dd/pywin32-311-cp314-cp314-win_arm64.whl", hash = "sha256:a508e2d9025764a8270f93111a970e1d0fbfc33f4153b388bb649b7eec4f9b42", size = 8932540, upload-time = "2025-07-14T20:13:36.379Z" },
]

[[package]]
name = "qtpy"
version = "2.4.3"
source = { registry = "https://pypi.org/simple" }
dependencies = [
    { name = "packaging" },
]
sdist = { url = "https://files.pythonhosted.org/packages/70/01/392eba83c8e47b946b929d7c46e0f04b35e9671f8bb6fc36b6f7945b4de8/qtpy-2.4.3.tar.gz", hash = "sha256:db744f7832e6d3da90568ba6ccbca3ee2b3b4a890c3d6fbbc63142f6e4cdf5bb", size = 66982, upload-time = "2025-02-11T15:09:25.759Z" }
wheels = [
    { url = "https://files.pythonhosted.org/packages/69/76/37c0ccd5ab968a6a438f9c623aeecc84c202ab2fabc6a8fd927580c15b5a/QtPy-2.4.3-py3-none-any.whl", hash = "sha256:72095afe13673e017946cc258b8d5da43314197b741ed2890e563cf384b51aa1", size = 95045, upload-time = "2025-02-11T15:09:24.162Z" },
]

[[package]]
name = "revolv"
version = "0.1.0"
source = { editable = "." }
dependencies = [
    { name = "gsewidgets" },
    { name = "pyepics" },
    { name = "pyqt6" },
    { name = "pyshortcuts" },
    { name = "qtpy" },
]

[package.dev-dependencies]
dev = [
    { name = "ruff" },
    { name = "ty" },
]

[package.metadata]
requires-dist = [
    { name = "gsewidgets", specifier = ">=0.0.2" },
    { name = "pyepics", specifier = ">=3.5.8" },
    { name = "pyqt6", specifier = ">=6.10.0" },
    { name = "pyshortcuts", specifier = ">=1.9.5" },
    { name = "qtpy", specifier = ">=2.4.3" },
]

[package.metadata.requires-dev]
dev = [
    { name = "ruff", specifier = ">=0.14.4" },
    { name = "ty", specifier = ">=0.0.1a26" },
]

[[package]]
name = "ruff"
version = "0.14.4"
source = { registry = "https://pypi.org/simple" }
sdist = { url = "https://files.pythonhosted.org/packages/df/55/cccfca45157a2031dcbb5a462a67f7cf27f8b37d4b3b1cd7438f0f5c1df6/ruff-0.14.4.tar.gz", hash = "sha256:f459a49fe1085a749f15414ca76f61595f1a2cc8778ed7c279b6ca2e1fd19df3", size = 5587844, upload-time = "2025-11-06T22:07:45.033Z" }
wheels = [
    { url = "https://files.pythonhosted.org/packages/17/b9/67240254166ae1eaa38dec32265e9153ac53645a6c6670ed36ad00722af8/ruff-0.14.4-py3-none-linux_armv6l.whl", hash = "sha256:e6604613ffbcf2297cd5dcba0e0ac9bd0c11dc026442dfbb614504e87c349518", size = 12606781, upload-time = "2025-11-06T22:07:01.841Z" },
    { url = "https://files.pythonhosted.org/packages/46/c8/09b3ab245d8652eafe5256ab59718641429f68681ee713ff06c5c549f156/ruff-0.14.4-py3-none-macosx_10_12_x86_64.whl", hash = "sha256:d99c0b52b6f0598acede45ee78288e5e9b4409d1ce7f661f0fa36d4cbeadf9a4", size = 12946765, upload-time = "2025-11-06T22:07:05.858Z" },
    { url = "https://files.pythonhosted.org/packages/14/bb/1564b000219144bf5eed2359edc94c3590dd49d510751dad26202c18a17d/ruff-0.14.4-py3-none-macosx_11_0_arm64.whl", hash = "sha256:9358d490ec030f1b51d048a7fd6ead418ed0826daf6149e95e30aa67c168af33", size = 11928120, upload-time = "2025-11-06T22:07:08.023Z" },
    { url = "https://files.pythonhosted.org/packages/a3/92/d5f1770e9988cc0742fefaa351e840d9aef04ec24ae1be36f333f96d5704/ruff-0.14.4-py3-none-manylinux_2_17_aarch64.manylinux2014_aarch64.whl", hash = "sha256:81b40d27924f1f02dfa827b9c0712a13c0e4b108421665322218fc38caf615c2", size = 12370877, upload-time = "2025-11-06T22:07:10.015Z" },
    { url = "https://files.pythonhosted.org/packages/e2/29/e9282efa55f1973d109faf839a63235575519c8ad278cc87a182a366810e/ruff-0.14.4-py3-none-manylinux_2_17_armv7l.manylinux2014_armv7l.whl", hash = "sha256:f5e649052a294fe00818650712083cddc6cc02744afaf37202c65df9ea52efa5", size = 12408538, upload-time = "2025-11-06T22:07:13.085Z" },
    { url = "https://files.pythonhosted.org/packages/8e/01/930ed6ecfce130144b32d77d8d69f5c610e6d23e6857927150adf5d7379a/ruff-0.14.4-py3-none-manylinux_2_17_i686.manylinux2014_i686.whl", hash = "sha256:aa082a8f878deeba955531f975881828fd6afd90dfa757c2b0808aadb437136e", size = 13141942, upload-time = "2025-11-06T22:07:15.386Z" },
    { url = "https://files.pythonhosted.org/packages/6a/46/a9c89b42b231a9f487233f17a89cbef9d5acd538d9488687a02ad288fa6b/ruff-0.14.4-py3-none-manylinux_2_17_ppc64.manylinux2014_ppc64.whl", hash = "sha256:1043c6811c2419e39011890f14d0a30470f19d47d197c4858b2787dfa698f6c8", size = 14544306, upload-time = "2025-11-06T22:07:17.631Z" },
    { url = "https://files.pythonhosted.org/packages/78/96/9c6cf86491f2a6d52758b830b89b78c2ae61e8ca66b86bf5a20af73d20e6/ruff-0.14.4-py3-none-manylinux_2_17_ppc64le.manylinux2014_ppc64le.whl", hash = "sha256:a9f3a936ac27fb7c2a93e4f4b943a662775879ac579a433291a6f69428722649", size = 14210427, upload-time = "2025-11-06T22:07:19.832Z" },
    { url = "https://files.pythonhosted.org/packages/71/f4/0666fe7769a54f63e66404e8ff698de1dcde733e12e2fd1c9c6efb689cb5/ruff-0.14.4-py3-none-manylinux_2_17_s390x.manylinux2014_s390x.whl", hash = "sha256:95643ffd209ce78bc113266b88fba3d39e0461f0cbc8b55fb92505030fb4a850", size = 13658488, upload-time = "2025-11-06T22:07:22.32Z" },
    { url = "https://files.pythonhosted.org/packages/ee/79/6ad4dda2cfd55e41ac9ed6d73ef9ab9475b1eef69f3a85957210c74ba12c/ruff-0.14.4-py3-none-manylinux_2_17_x86_64.manylinux2014_x86_64.whl", hash = "sha256:456daa2fa1021bc86ca857f43fe29d5d8b3f0e55e9f90c58c317c1dcc2afc7b5", size = 13354908, upload-time = "2025-11-06T22:07:24.347Z" },
    { url = "https://files.pythonhosted.org/packages/b5/60/f0b6990f740bb15c1588601d19d21bcc1bd5de4330a07222041678a8e04f/ruff-0.14.4-py3-none-manylinux_2_31_riscv64.whl", hash = "sha256:f911bba769e4a9f51af6e70037bb72b70b45a16db5ce73e1f72aefe6f6d62132", size = 13587803, upload-time = "2025-11-06T22:07:26.327Z" },
    { url = "https://files.pythonhosted.org/packages/c9/da/eaaada586f80068728338e0ef7f29ab3e4a08a692f92eb901a4f06bbff24/ruff-0.14.4-py3-none-musllinux_1_2_aarch64.whl", hash = "sha256:76158a7369b3979fa878612c623a7e5430c18b2fd1c73b214945c2d06337db67", size = 12279654, upload-time = "2025-11-06T22:07:28.46Z" },
    { url = "https://files.pythonhosted.org/packages/66/d4/b1d0e82cf9bf8aed10a6d45be47b3f402730aa2c438164424783ac88c0ed/ruff-0.14.4-py3-none-musllinux_1_2_armv7l.whl", hash = "sha256:f3b8f3b442d2b14c246e7aeca2e75915159e06a3540e2f4bed9f50d062d24469", size = 12357520, upload-time = "2025-11-06T22:07:31.468Z" },
    { url = "https://files.pythonhosted.org/packages/04/f4/53e2b42cc82804617e5c7950b7079d79996c27e99c4652131c6a1100657f/ruff-0.14.4-py3-none-musllinux_1_2_i686.whl", hash = "sha256:c62da9a06779deecf4d17ed04939ae8b31b517643b26370c3be1d26f3ef7dbde", size = 12719431, upload-time = "2025-11-06T22:07:33.831Z" },
    { url = "https://files.pythonhosted.org/packages/a2/94/80e3d74ed9a72d64e94a7b7706b1c1ebaa315ef2076fd33581f6a1cd2f95/ruff-0.14.4-py3-none-musllinux_1_2_x86_64.whl", hash = "sha256:5a443a83a1506c684e98acb8cb55abaf3ef725078be40237463dae4463366349", size = 13464394, upload-time = "2025-11-06T22:07:35.905Z" },
    { url = "https://files.pythonhosted.org/packages/54/1a/a49f071f04c42345c793d22f6cf5e0920095e286119ee53a64a3a3004825/ruff-0.14.4-py3-none-win32.whl", hash = "sha256:643b69cb63cd996f1fc7229da726d07ac307eae442dd8974dbc7cf22c1e18fff", size = 12493429, upload-time = "2025-11-06T22:07:38.43Z" },
    { url = "https://files.pythonhosted.org/packages/bc/22/e58c43e641145a2b670328fb98bc384e20679b5774258b1e540207580266/ruff-0.14.4-py3-none-win_amd64.whl", hash = "sha256:26673da283b96fe35fa0c939bf8411abec47111644aa9f7cfbd3c573fb125d2c", size = 13635380, upload-time = "2025-11-06T22:07:40.496Z" },
    { url = "https://files.pythonhosted.org/packages/30/bd/4168a751ddbbf43e86544b4de8b5c3b7be8d7167a2a5cb977d274e04f0a1/ruff-0.14.4-py3-none-win_arm64.whl", hash = "sha256:dd09c292479596b0e6fec8cd95c65c3a6dc68e9ad17b8f2382130f87ff6a75bb", size = 12663065, upload-time = "2025-11-06T22:07:42.603Z" },
]

[[package]]
name = "ty"
version = "0.0.1a26"
source = { registry = "https://pypi.org/simple" }
sdist = { url = "https://files.pythonhosted.org/packages/39/39/b4b4ecb6ca6d7e937fa56f0b92a8f48d7719af8fe55bdbf667638e9f93e2/ty-0.0.1a26.tar.gz", hash = "sha256:65143f8efeb2da1644821b710bf6b702a31ddcf60a639d5a576db08bded91db4", size = 4432154, upload-time = "2025-11-10T18:02:30.142Z" }
wheels = [
    { url = "https://files.pythonhosted.org/packages/cc/6a/661833ecacc4d994f7e30a7f1307bfd3a4a91392a6b03fb6a018723e75b8/ty-0.0.1a26-py3-none-linux_armv6l.whl", hash = "sha256:09208dca99bb548e9200136d4d42618476bfe1f4d2066511f2c8e2e4dfeced5e", size = 9173869, upload-time = "2025-11-10T18:01:46.012Z" },
    { url = "https://files.pythonhosted.org/packages/66/a8/32ea50f064342de391a7267f84349287e2f1c2eb0ad4811d6110916179d6/ty-0.0.1a26-py3-none-macosx_10_12_x86_64.whl", hash = "sha256:91d12b66c91a1b82e698a2aa73fe043a1a9da83ff0dfd60b970500bee0963b91", size = 8973420, upload-time = "2025-11-10T18:01:49.32Z" },
    { url = "https://files.pythonhosted.org/packages/d1/f6/6659d55940cd5158a6740ae46a65be84a7ee9167738033a9b1259c36eef5/ty-0.0.1a26-py3-none-macosx_11_0_arm64.whl", hash = "sha256:c5bc6dfcea5477c81ad01d6a29ebc9bfcbdb21c34664f79c9e1b84be7aa8f289", size = 8528888, upload-time = "2025-11-10T18:01:51.511Z" },
    { url = "https://files.pythonhosted.org/packages/79/c9/4cbe7295013cc412b4f100b509aaa21982c08c59764a2efa537ead049345/ty-0.0.1a26-py3-none-manylinux_2_17_aarch64.manylinux2014_aarch64.whl", hash = "sha256:40e5d15635e9918924138e8d3fb1cbf80822dfb8dc36ea8f3e72df598c0c4bea", size = 8801867, upload-time = "2025-11-10T18:01:53.888Z" },
    { url = "https://files.pythonhosted.org/packages/ed/b3/25099b219a6444c4b29f175784a275510c1cd85a23a926d687ab56915027/ty-0.0.1a26-py3-none-manylinux_2_17_armv7l.manylinux2014_armv7l.whl", hash = "sha256:86dc147ed0790c7c8fd3f0d6c16c3c5135b01e99c440e89c6ca1e0e592bb6682", size = 8975519, upload-time = "2025-11-10T18:01:56.231Z" },
    { url = "https://files.pythonhosted.org/packages/73/3e/3ad570f4f592cb1d11982dd2c426c90d2aa9f3d38bf77a7e2ce8aa614302/ty-0.0.1a26-py3-none-manylinux_2_17_i686.manylinux2014_i686.whl", hash = "sha256:fbe0e07c9d5e624edfc79a468f2ef191f9435581546a5bb6b92713ddc86ad4a6", size = 9331932, upload-time = "2025-11-10T18:01:58.476Z" },
    { url = "https://files.pythonhosted.org/packages/04/fa/62c72eead0302787f9cc0d613fc671107afeecdaf76ebb04db8f91bb9f7e/ty-0.0.1a26-py3-none-manylinux_2_17_ppc64.manylinux2014_ppc64.whl", hash = "sha256:0dcebbfe9f24b43d98a078f4a41321ae7b08bea40f5c27d81394b3f54e9f7fb5", size = 9921353, upload-time = "2025-11-10T18:02:00.749Z" },
    { url = "https://files.pythonhosted.org/packages/6c/1f/3b329c4b60d878704e09eb9d05467f911f188e699961c044b75932893e0a/ty-0.0.1a26-py3-none-manylinux_2_17_ppc64le.manylinux2014_ppc64le.whl", hash = "sha256:0901b75afc7738224ffc98bbc8ea03a20f167a2a83a4b23a6550115e8b3ddbc6", size = 9700800, upload-time = "2025-11-10T18:02:03.544Z" },
    { url = "https://files.pythonhosted.org/packages/92/24/13fcba20dd86a7c3f83c814279aa3eb6a29c5f1b38a3b3a4a0fd22159189/ty-0.0.1a26-py3-none-manylinux_2_17_s390x.manylinux2014_s390x.whl", hash = "sha256:4788f34d384c132977958d76fef7f274f8d181b22e33933c4d16cff2bb5ca3b9", size = 9728289, upload-time = "2025-11-10T18:02:06.386Z" },
    { url = "https://files.pythonhosted.org/packages/40/7a/798894ff0b948425570b969be35e672693beeb6b852815b7340bc8de1575/ty-0.0.1a26-py3-none-manylinux_2_17_x86_64.manylinux2014_x86_64.whl", hash = "sha256:b98851c11c560ce63cd972ed9728aa079d9cf40483f2cdcf3626a55849bfe107", size = 9279735, upload-time = "2025-11-10T18:02:09.425Z" },
    { url = "https://files.pythonhosted.org/packages/1a/54/71261cc1b8dc7d3c4ad92a83b4d1681f5cb7ea5965ebcbc53311ae8c6424/ty-0.0.1a26-py3-none-musllinux_1_2_aarch64.whl", hash = "sha256:c20b4625a20059adecd86fe2c4df87cd6115fea28caee45d3bdcf8fb83d29510", size = 8767428, upload-time = "2025-11-10T18:02:11.956Z" },
    { url = "https://files.pythonhosted.org/packages/8e/07/b248b73a640badba2b301e6845699b7dd241f40a321b9b1bce684d440f70/ty-0.0.1a26-py3-none-musllinux_1_2_armv7l.whl", hash = "sha256:d9909e96276f8d16382d285db92ae902174cae842aa953003ec0c06642db2f8a", size = 9009170, upload-time = "2025-11-10T18:02:14.878Z" },
    { url = "https://files.pythonhosted.org/packages/f8/35/ec8353f2bb7fd2f41bca6070b29ecb58e2de9af043e649678b8c132d5439/ty-0.0.1a26-py3-none-musllinux_1_2_i686.whl", hash = "sha256:a76d649ceefe9baa9bbae97d217bee076fd8eeb2a961f66f1dff73cc70af4ac8", size = 9119215, upload-time = "2025-11-10T18:02:18.329Z" },
    { url = "https://files.pythonhosted.org/packages/70/48/db49fe1b7e66edf90dc285869043f99c12aacf7a99c36ee760e297bac6d5/ty-0.0.1a26-py3-none-musllinux_1_2_x86_64.whl", hash = "sha256:a0ee0f6366bcf70fae114e714d45335cacc8daa936037441e02998a9110b7a29", size = 9398655, upload-time = "2025-11-10T18:02:21.031Z" },
    { url = "https://files.pythonhosted.org/packages/10/f8/d869492bdbb21ae8cf4c99b02f20812bbbf49aa187cfeb387dfaa03036a8/ty-0.0.1a26-py3-none-win32.whl", hash = "sha256:86689b90024810cac7750bf0c6e1652e4b4175a9de7b82b8b1583202aeb47287", size = 8645669, upload-time = "2025-11-10T18:02:23.23Z" },
    { url = "https://files.pythonhosted.org/packages/b4/18/8a907575d2b335afee7556cb92233ebb5efcefe17752fc9dcab21cffb23b/ty-0.0.1a26-py3-none-win_amd64.whl", hash = "sha256:829e6e6dbd7d9d370f97b2398b4804552554bdcc2d298114fed5e2ea06cbc05c", size = 9442975, upload-time = "2025-11-10T18:02:25.68Z" },
    { url = "https://files.pythonhosted.org/packages/e9/22/af92dcfdd84b78dd97ac6b7154d6a763781f04a400140444885c297cc213/ty-0.0.1a26-py3-none-win_arm64.whl", hash = "sha256:b8f431c784d4cf5b4195a3521b2eca9c15902f239b91154cb920da33f943c62b", size = 8958958, upload-time = "2025-11-10T18:02:28.071Z" },
]
